
Microsoft Visual Studio Solution File, Format Version 12.00
# Visual Studio Version 17
VisualStudioVersion = 17.5.33530.505
MinimumVisualStudioVersion = 10.0.40219.1
Project("{9A19103F-16F7-4668-BE54-9A1E7A4F7556}") = "AdventureWorksWebAPI", "AdventureworksWebAPI\AdventureWorksWebAPI.csproj", "{0A6DBB58-4E5C-47DF-AC2C-14D29785DFB6}"
EndProject
Global
	GlobalSection(SolutionConfigurationPlatforms) = preSolution
		Debug|Any CPU = Debug|Any CPU
		Release|Any CPU = Release|Any CPU
	EndGlobalSection
	GlobalSection(ProjectConfigurationPlatforms) = postSolution
		{0A6DBB58-4E5C-47DF-AC2C-14D29785DFB6}.Debug|Any CPU.ActiveCfg = Debug|Any CPU
		{0A6DBB58-4E5C-47DF-AC2C-14D29785DFB6}.Debug|Any CPU.Build.0 = Debug|Any CPU
		{0A6DBB58-4E5C-47DF-AC2C-14D29785DFB6}.Release|Any CPU.ActiveCfg = Release|Any CPU
		{0A6DBB58-4E5C-47DF-AC2C-14D29785DFB6}.Release|Any CPU.Build.0 = Release|Any CPU
	EndGlobalSection
	GlobalSection(SolutionProperties) = preSolution
		HideSolutionNode = FALSE
	EndGlobalSection
	GlobalSection(ExtensibilityGlobals) = postSolution
		SolutionGuid = {B28C9D6E-EA03-4C4A-BEF3-4D37D5054882}
	EndGlobalSection
EndGlobal
